Microsoft Visual Studio Solution File, Format Version 12.00
# Visual Studio Version 17
VisualStudioVersion = 17.5.2.0
MinimumVisualStudioVersion = 10.0.40219.1
Project("{FAE04EC0-301F-11D3-BF4B-00C04F79EFBC}") = "Todo-Gacha", "Todo-Gacha.csproj", "{FEA51D95-78CE-5A02-9668-341A42676D40}"
EndProject
Global
	GlobalSection(SolutionConfigurationPlatforms) = preSolution
		Debug|Any CPU = Debug|Any CPU
		Release|Any CPU = Release|Any CPU
	EndGlobalSection
	GlobalSection(ProjectConfigurationPlatforms) = postSolution
		{FEA51D95-78CE-5A02-9668-341A42676D40}.Debug|Any CPU.ActiveCfg = Debug|Any CPU
		{FEA51D95-78CE-5A02-9668-341A42676D40}.Debug|Any CPU.Build.0 = Debug|Any CPU
		{FEA51D95-78CE-5A02-9668-341A42676D40}.Release|Any CPU.ActiveCfg = Release|Any CPU
		{FEA51D95-78CE-5A02-9668-341A42676D40}.Release|Any CPU.Build.0 = Release|Any CPU
	EndGlobalSection
	GlobalSection(SolutionProperties) = preSolution
		HideSolutionNode = FALSE
	EndGlobalSection
	GlobalSection(ExtensibilityGlobals) = postSolution
		SolutionGuid = {C105B3A7-CE00-4E97-8429-EDD7E5319ECE}
	EndGlobalSection
EndGlobal
